// !$*UTF8*$!
{
	archiveVersion = 1;
	classes = {
	};
	objectVersion = 46;
	objects = {

/* Begin PBXBuildFile section */
		ABD306731A9D06AC0001EF67 /* main.m in Sources */ = {isa = PBXBuildFile; fileRef = ABD306721A9D06AC0001EF67 /* main.m */; };
		ABD306761A9D06AC0001EF67 /* AppDelegate.m in Sources */ = {isa = PBXBuildFile; fileRef = ABD306751A9D06AC0001EF67 /* AppDelegate.m */; };
		ABD306791A9D06AC0001EF67 /* FirstViewController.m in Sources */ = {isa = PBXBuildFile; fileRef = ABD306781A9D06AC0001EF67 /* FirstViewController.m */; };
		ABD3067C1A9D06AC0001EF67 /* SecondViewController.m in Sources */ = {isa = PBXBuildFile; fileRef = ABD3067B1A9D06AC0001EF67 /* SecondViewController.m */; };
		ABD3067F1A9D06AC0001EF67 /* Main.storyboard in Resources */ = {isa = PBXBuildFile; fileRef = ABD3067D1A9D06AC0001EF67 /* Main.storyboard */; };
		ABD306811A9D06AC0001EF67 /* Images.xcassets in Resources */ = {isa = PBXBuildFile; fileRef = ABD306801A9D06AC0001EF67 /* Images.xcassets */; };
		ABD306841A9D06AC0001EF67 /* LaunchScreen.xib in Resources */ = {isa = PBXBuildFile; fileRef = ABD306821A9D06AC0001EF67 /* LaunchScreen.xib */; };
		ABD306901A9D06AC0001EF67 /* Vaccine_VaultTests.m in Sources */ = {isa = PBXBuildFile; fileRef = ABD3068F1A9D06AC0001EF67 /* Vaccine_VaultTests.m */; };
/* End PBXBuildFile section */

/* Begin PBXContainerItemProxy section */
		ABD3068A1A9D06AC0001EF67 /* PBXContainerItemProxy */ = {
			isa = PBXContainerItemProxy;
			containerPortal = ABD306651A9D06AC0001EF67 /* Project object */;
			proxyType = 1;
			remoteGlobalIDString = ABD3066C1A9D06AC0001EF67;
			remoteInfo = "Vaccine Vault";
		};
/* End PBXContainerItemProxy section */

/* Begin PBXFileReference section */
		ABD3066D1A9D06AC0001EF67 /* Vaccine Vault.app */ = {isa = PBXFileReference; explicitFileType = wrapper.application; includeInIndex = 0; path = "Vaccine Vault.app"; sourceTree = BUILT_PRODUCTS_DIR; };
		ABD306711A9D06AC0001EF67 /* Info.plist */ = {isa = PBXFileReference; lastKnownFileType = text.plist.xml; path = Info.plist; sourceTree = "<group>"; };
		ABD306721A9D06AC0001EF67 /* main.m */ = {isa = PBXFileReference; lastKnownFileType = sourcecode.c.objc; path = main.m; sourceTree = "<group>"; };
		ABD306741A9D06AC0001EF67 /* AppDelegate.h */ = {isa = PBXFileReference; lastKnownFileType = sourcecode.c.h; path = AppDelegate.h; sourceTree = "<group>"; };
		ABD306751A9D06AC0001EF67 /* AppDelegate.m */ = {isa = PBXFileReference; lastKnownFileType = sourcecode.c.objc; path = AppDelegate.m; sourceTree = "<group>"; };
		ABD306771A9D06AC0001EF67 /* FirstViewController.h */ = {isa = PBXFileReference; lastKnownFileType = sourcecode.c.h; path = FirstViewController.h; sourceTree = "<group>"; };
		ABD306781A9D06AC0001EF67 /* FirstViewController.m */ = {isa = PBXFileReference; lastKnownFileType = sourcecode.c.objc; path = FirstViewController.m; sourceTree = "<group>"; };
		ABD3067A1A9D06AC0001EF67 /* SecondViewController.h */ = {isa = PBXFileReference; lastKnownFileType = sourcecode.c.h; path = SecondViewController.h; sourceTree = "<group>"; };
		ABD3067B1A9D06AC0001EF67 /* SecondViewController.m */ = {isa = PBXFileReference; lastKnownFileType = sourcecode.c.objc; path = SecondViewController.m; sourceTree = "<group>"; };
		ABD3067E1A9D06AC0001EF67 /* Base */ = {isa = PBXFileReference; lastKnownFileType = file.storyboard; name = Base; path = Base.lproj/Main.storyboard; sourceTree = "<group>"; };
		ABD306801A9D06AC0001EF67 /* Images.xcassets */ = {isa = PBXFileReference; lastKnownFileType = folder.assetcatalog; path = Images.xcassets; sourceTree = "<group>"; };
		ABD306831A9D06AC0001EF67 /* Base */ = {isa = PBXFileReference; lastKnownFileType = file.xib; name = Base; path = Base.lproj/LaunchScreen.xib; sourceTree = "<group>"; };
		ABD306891A9D06AC0001EF67 /* Vaccine VaultTests.xctest */ = {isa = PBXFileReference; explicitFileType = wrapper.cfbundle; includeInIndex = 0; path = "Vaccine VaultTests.xctest"; sourceTree = BUILT_PRODUCTS_DIR; };
		ABD3068E1A9D06AC0001EF67 /* Info.plist */ = {isa = PBXFileReference; lastKnownFileType = text.plist.xml; path = Info.plist; sourceTree = "<group>"; };
		ABD3068F1A9D06AC0001EF67 /* Vaccine_VaultTests.m */ = {isa = PBXFileReference; lastKnownFileType = sourcecode.c.objc; path = Vaccine_VaultTests.m; sourceTree = "<group>"; };
/* End PBXFileReference section */

/* Begin PBXFrameworksBuildPhase section */
		ABD3066A1A9D06AC0001EF67 /* Frameworks */ = {
			isa = PBXFrameworksBuildPhase;
			buildActionMask = 2147483647;
			files = (
			);
			runOnlyForDeploymentPostprocessing = 0;
		};
		ABD306861A9D06AC0001EF67 /* Frameworks */ = {
			isa = PBXFrameworksBuildPhase;
			buildActionMask = 2147483647;
			files = (
			);
			runOnlyForDeploymentPostprocessing = 0;
		};
/* End PBXFrameworksBuildPhase section */

/* Begin PBXGroup section */
		ABD306641A9D06AC0001EF67 = {
			isa = PBXGroup;
			children = (
				ABD3066F1A9D06AC0001EF67 /* Vaccine Vault */,
				ABD3068C1A9D06AC0001EF67 /* Vaccine VaultTests */,
				ABD3066E1A9D06AC0001EF67 /* Products */,
			);
			sourceTree = "<group>";
		};
		ABD3066E1A9D06AC0001EF67 /* Products */ = {
			isa = PBXGroup;
			children = (
				ABD3066D1A9D06AC0001EF67 /* Vaccine Vault.app */,
				ABD306891A9D06AC0001EF67 /* Vaccine VaultTests.xctest */,
			);
			name = Products;
			sourceTree = "<group>";
		};
		ABD3066F1A9D06AC0001EF67 /* Vaccine Vault */ = {
			isa = PBXGroup;
			children = (
				ABD306741A9D06AC0001EF67 /* AppDelegate.h */,
				ABD306751A9D06AC0001EF67 /* AppDelegate.m */,
				ABD306771A9D06AC0001EF67 /* FirstViewController.h */,
				ABD306781A9D06AC0001EF67 /* FirstViewController.m */,
				ABD3067A1A9D06AC0001EF67 /* SecondViewController.h */,
				ABD3067B1A9D06AC0001EF67 /* SecondViewController.m */,
				ABD3067D1A9D06AC0001EF67 /* Main.storyboard */,
				ABD306801A9D06AC0001EF67 /* Images.xcassets */,
				ABD306821A9D06AC0001EF67 /* LaunchScreen.xib */,
				ABD306701A9D06AC0001EF67 /* Supporting Files */,
			);
			path = "Vaccine Vault";
			sourceTree = "<group>";
		};
		ABD306701A9D06AC0001EF67 /* Supporting Files */ = {
			isa = PBXGroup;
			children = (
				ABD306711A9D06AC0001EF67 /* Info.plist */,
				ABD306721A9D06AC0001EF67 /* main.m */,
			);
			name = "Supporting Files";
			sourceTree = "<group>";
		};
		ABD3068C1A9D06AC0001EF67 /* Vaccine VaultTests */ = {
			isa = PBXGroup;
			children = (
				ABD3068F1A9D06AC0001EF67 /* Vaccine_VaultTests.m */,
				ABD3068D1A9D06AC0001EF67 /* Supporting Files */,
			);
			path = "Vaccine VaultTests";
			sourceTree = "<group>";
		};
		ABD3068D1A9D06AC0001EF67 /* Supporting Files */ = {
			isa = PBXGroup;
			children = (
				ABD3068E1A9D06AC0001EF67 /* Info.plist */,
			);
			name = "Supporting Files";
			sourceTree = "<group>";
		};
/* End PBXGroup section */

/* Begin PBXNativeTarget section */
		ABD3066C1A9D06AC0001EF67 /* Vaccine Vault */ = {
			isa = PBXNativeTarget;
			buildConfigurationList = ABD306931A9D06AC0001EF67 /* Build configuration list for PBXNativeTarget "Vaccine Vault" */;
			buildPhases = (
				ABD306691A9D06AC0001EF67 /* Sources */,
				ABD3066A1A9D06AC0001EF67 /* Frameworks */,
				ABD3066B1A9D06AC0001EF67 /* Resources */,
			);
			buildRules = (
			);
			dependencies = (
			);
			name = "Vaccine Vault";
			productName = "Vaccine Vault";
			productReference = ABD3066D1A9D06AC0001EF67 /* Vaccine Vault.app */;
			productType = "com.apple.product-type.application";
		};
		ABD306881A9D06AC0001EF67 /* Vaccine VaultTests */ = {
			isa = PBXNativeTarget;
			buildConfigurationList = ABD306961A9D06AC0001EF67 /* Build configuration list for PBXNativeTarget "Vaccine VaultTests" */;
			buildPhases = (
				ABD306851A9D06AC0001EF67 /* Sources */,
				ABD306861A9D06AC0001EF67 /* Frameworks */,
				ABD306871A9D06AC0001EF67 /* Resources */,
			);
			buildRules = (
			);
			dependencies = (
				ABD3068B1A9D06AC0001EF67 /* PBXTargetDependency */,
			);
			name = "Vaccine VaultTests";
			productName = "Vaccine VaultTests";
			productReference = ABD306891A9D06AC0001EF67 /* Vaccine VaultTests.xctest */;
			productType = "com.apple.product-type.bundle.unit-test";
		};
/* End PBXNativeTarget section */

/* Begin PBXProject section */
		ABD306651A9D06AC0001EF67 /* Project object */ = {
			isa = PBXProject;
			attributes = {
				LastUpgradeCheck = 0610;
				ORGANIZATIONNAME = "Matt Strickland";
				TargetAttributes = {
					ABD3066C1A9D06AC0001EF67 = {
						CreatedOnToolsVersion = 6.1.1;
					};
					ABD306881A9D06AC0001EF67 = {
						CreatedOnToolsVersion = 6.1.1;
						TestTargetID = ABD3066C1A9D06AC0001EF67;
					};
				};
			};
			buildConfigurationList = ABD306681A9D06AC0001EF67 /* Build configuration list for PBXProject "Vaccine Vault" */;
			compatibilityVersion = "Xcode 3.2";
			developmentRegion = English;
			hasScannedForEncodings = 0;
			knownRegions = (
				en,
				Base,
			);
			mainGroup = ABD306641A9D06AC0001EF67;
			productRefGroup = ABD3066E1A9D06AC0001EF67 /* Products */;
			projectDirPath = "";
			projectRoot = "";
			targets = (
				ABD3066C1A9D06AC0001EF67 /* Vaccine Vault */,
				ABD306881A9D06AC0001EF67 /* Vaccine VaultTests */,
			);
		};
/* End PBXProject section */

/* Begin PBXResourcesBuildPhase section */
		ABD3066B1A9D06AC0001EF67 /* Resources */ = {
			isa = PBXResourcesBuildPhase;
			buildActionMask = 2147483647;
			files = (
				ABD3067F1A9D06AC0001EF67 /* Main.storyboard in Resources */,
				ABD306841A9D06AC0001EF67 /* LaunchScreen.xib in Resources */,
				ABD306811A9D06AC0001EF67 /* Images.xcassets in Resources */,
			);
			runOnlyForDeploymentPostprocessing = 0;
		};
		ABD306871A9D06AC0001EF67 /* Resources */ = {
			isa = PBXResourcesBuildPhase;
			buildActionMask = 2147483647;
			files = (
			);
			runOnlyForDeploymentPostprocessing = 0;
		};
/* End PBXResourcesBuildPhase section */

/* Begin PBXSourcesBuildPhase section */
		ABD306691A9D06AC0001EF67 /* Sources */ = {
			isa = PBXSourcesBuildPhase;
			buildActionMask = 2147483647;
			files = (
				ABD3067C1A9D06AC0001EF67 /* SecondViewController.m in Sources */,
				ABD306761A9D06AC0001EF67 /* AppDelegate.m in Sources */,
				ABD306791A9D06AC0001EF67 /* FirstViewController.m in Sources */,
				ABD306731A9D06AC0001EF67 /* main.m in Sources */,
			);
			runOnlyForDeploymentPostprocessing = 0;
		};
		ABD306851A9D06AC0001EF67 /* Sources */ = {
			isa = PBXSourcesBuildPhase;
			buildActionMask = 2147483647;
			files = (
				ABD306901A9D06AC0001EF67 /* Vaccine_VaultTests.m in Sources */,
			);
			runOnlyForDeploymentPostprocessing = 0;
		};
/* End PBXSourcesBuildPhase section */

/* Begin PBXTargetDependency section */
		ABD3068B1A9D06AC0001EF67 /* PBXTargetDependency */ = {
			isa = PBXTargetDependency;
			target = ABD3066C1A9D06AC0001EF67 /* Vaccine Vault */;
			targetProxy = ABD3068A1A9D06AC0001EF67 /* PBXContainerItemProxy */;
		};
/* End PBXTargetDependency section */

/* Begin PBXVariantGroup section */
		ABD3067D1A9D06AC0001EF67 /* Main.storyboard */ = {
			isa = PBXVariantGroup;
			children = (
				ABD3067E1A9D06AC0001EF67 /* Base */,
			);
			name = Main.storyboard;
			sourceTree = "<group>";
		};
		ABD306821A9D06AC0001EF67 /* LaunchScreen.xib */ = {
			isa = PBXVariantGroup;
			children = (
				ABD306831A9D06AC0001EF67 /* Base */,
			);
			name = LaunchScreen.xib;
			sourceTree = "<group>";
		};
/* End PBXVariantGroup section */

/* Begin XCBuildConfiguration section */
		ABD306911A9D06AC0001EF67 /* Debug */ = {
			isa = XCBuildConfiguration;
			buildSettings = {
				ALWAYS_SEARCH_USER_PATHS = NO;
				CLANG_CXX_LANGUAGE_STANDARD = "gnu++0x";
				CLANG_CXX_LIBRARY = "libc++";
				CLANG_ENABLE_MODULES = YES;
				CLANG_ENABLE_OBJC_ARC = YES;
				CLANG_WARN_BOOL_CONVERSION = YES;
				CLANG_WARN_CONSTANT_CONVERSION = YES;
				CLANG_WARN_DIRECT_OBJC_ISA_USAGE = YES_ERROR;
				CLANG_WARN_EMPTY_BODY = YES;
				CLANG_WARN_ENUM_CONVERSION = YES;
				CLANG_WARN_INT_CONVERSION = YES;
				CLANG_WARN_OBJC_ROOT_CLASS = YES_ERROR;
				CLANG_WARN_UNREACHABLE_CODE = YES;
				CLANG_WARN__DUPLICATE_METHOD_MATCH = YES;
				"CODE_SIGN_IDENTITY[sdk=iphoneos*]" = "iPhone Developer";
				COPY_PHASE_STRIP = NO;
				ENABLE_STRICT_OBJC_MSGSEND = YES;
				GCC_C_LANGUAGE_STANDARD = gnu99;
				GCC_DYNAMIC_NO_PIC = NO;
				GCC_OPTIMIZATION_LEVEL = 0;
				GCC_PREPROCESSOR_DEFINITIONS = (
					"DEBUG=1",
					"$(inherited)",
				);
				GCC_SYMBOLS_PRIVATE_EXTERN = NO;
				GCC_WARN_64_TO_32_BIT_CONVERSION = YES;
				GCC_WARN_ABOUT_RETURN_TYPE = YES_ERROR;
				GCC_WARN_UNDECLARED_SELECTOR = YES;
				GCC_WARN_UNINITIALIZED_AUTOS = YES_AGGRESSIVE;
				GCC_WARN_UNUSED_FUNCTION = YES;
				GCC_WARN_UNUSED_VARIABLE = YES;
				IPHONEOS_DEPLOYMENT_TARGET = 8.1;
				MTL_ENABLE_DEBUG_INFO = YES;
				ONLY_ACTIVE_ARCH = YES;
				SDKROOT = iphoneos;
				TARGETED_DEVICE_FAMILY = "1,2";
			};
			name = Debug;
		};
		ABD306921A9D06AC0001EF67 /* Release */ = {
			isa = XCBuildConfiguration;
			buildSettings = {
				ALWAYS_SEARCH_USER_PATHS = NO;
				CLANG_CXX_LANGUAGE_STANDARD = "gnu++0x";
				CLANG_CXX_LIBRARY = "libc++";
				CLANG_ENABLE_MODULES = YES;
				CLANG_ENABLE_OBJC_ARC = YES;
				CLANG_WARN_BOOL_CONVERSION = YES;
				CLANG_WARN_CONSTANT_CONVERSION = YES;
				CLANG_WARN_DIRECT_OBJC_ISA_USAGE = YES_ERROR;
				CLANG_WARN_EMPTY_BODY = YES;
				CLANG_WARN_ENUM_CONVERSION = YES;
				CLANG_WARN_INT_CONVERSION = YES;
				CLANG_WARN_OBJC_ROOT_CLASS = YES_ERROR;
				CLANG_WARN_UNREACHABLE_CODE = YES;
				CLANG_WARN__DUPLICATE_METHOD_MATCH = YES;
				"CODE_SIGN_IDENTITY[sdk=iphoneos*]" = "iPhone Developer";
				COPY_PHASE_STRIP = YES;
				ENABLE_NS_ASSERTIONS = NO;
				ENABLE_STRICT_OBJC_MSGSEND = YES;
				GCC_C_LANGUAGE_STANDARD = gnu99;
				GCC_WARN_64_TO_32_BIT_CONVERSION = YES;
				GCC_WARN_ABOUT_RETURN_TYPE = YES_ERROR;
				GCC_WARN_UNDECLARED_SELECTOR = YES;
				GCC_WARN_UNINITIALIZED_AUTOS = YES_AGGRESSIVE;
				GCC_WARN_UNUSED_FUNCTION = YES;
				GCC_WARN_UNUSED_VARIABLE = YES;
				IPHONEOS_DEPLOYMENT_TARGET = 8.1;
				MTL_ENABLE_DEBUG_INFO = NO;
				SDKROOT = iphoneos;
				TARGETED_DEVICE_FAMILY = "1,2";
				VALIDATE_PRODUCT = YES;
			};
			name = Release;
		};
		ABD306941A9D06AC0001EF67 /* Debug */ = {
			isa = XCBuildConfiguration;
			buildSettings = {
				ASSETCATALOG_COMPILER_APPICON_NAME = AppIcon;
				INFOPLIST_FILE = "Vaccine Vault/Info.plist";
				LD_RUNPATH_SEARCH_PATHS = "$(inherited) @executable_path/Frameworks";
				PRODUCT_NAME = "$(TARGET_NAME)";
			};
			name = Debug;
		};
		ABD306951A9D06AC0001EF67 /* Release */ = {
			isa = XCBuildConfiguration;
			buildSettings = {
				ASSETCATALOG_COMPILER_APPICON_NAME = AppIcon;
				INFOPLIST_FILE = "Vaccine Vault/Info.plist";
				LD_RUNPATH_SEARCH_PATHS = "$(inherited) @executable_path/Frameworks";
				PRODUCT_NAME = "$(TARGET_NAME)";
			};
			name = Release;
		};
		ABD306971A9D06AC0001EF67 /* Debug */ = {
			isa = XCBuildConfiguration;
			buildSettings = {
				BUNDLE_LOADER = "$(TEST_HOST)";
				FRAMEWORK_SEARCH_PATHS = (
					"$(SDKROOT)/Developer/Library/Frameworks",
					"$(inherited)",
				);
				GCC_PREPROCESSOR_DEFINITIONS = (
					"DEBUG=1",
					"$(inherited)",
				);
				INFOPLIST_FILE = "Vaccine VaultTests/Info.plist";
				LD_RUNPATH_SEARCH_PATHS = "$(inherited) @executable_path/Frameworks @loader_path/Frameworks";
				PRODUCT_NAME = "$(TARGET_NAME)";
				TEST_HOST = "$(BUILT_PRODUCTS_DIR)/Vaccine Vault.app/Vaccine Vault";
			};
			name = Debug;
		};
		ABD306981A9D06AC0001EF67 /* Release */ = {
			isa = XCBuildConfiguration;
			buildSettings = {
				BUNDLE_LOADER = "$(TEST_HOST)";
				FRAMEWORK_SEARCH_PATHS = (
					"$(SDKROOT)/Developer/Library/Frameworks",
					"$(inherited)",
				);
				INFOPLIST_FILE = "Vaccine VaultTests/Info.plist";
				LD_RUNPATH_SEARCH_PATHS = "$(inherited) @executable_path/Frameworks @loader_path/Frameworks";
				PRODUCT_NAME = "$(TARGET_NAME)";
				TEST_HOST = "$(BUILT_PRODUCTS_DIR)/Vaccine Vault.app/Vaccine Vault";
			};
			name = Release;
		};
/* End XCBuildConfiguration section */

/* Begin XCConfigurationList section */
		ABD306681A9D06AC0001EF67 /* Build configuration list for PBXProject "Vaccine Vault" */ = {
			isa = XCConfigurationList;
			buildConfigurations = (
				ABD306911A9D06AC0001EF67 /* Debug */,
				ABD306921A9D06AC0001EF67 /* Release */,
			);
			defaultConfigurationIsVisible = 0;
			defaultConfigurationName = Release;
		};
		ABD306931A9D06AC0001EF67 /* Build configuration list for PBXNativeTarget "Vaccine Vault" */ = {
			isa = XCConfigurationList;
			buildConfigurations = (
				ABD306941A9D06AC0001EF67 /* Debug */,
				ABD306951A9D06AC0001EF67 /* Release */,
			);
			defaultConfigurationIsVisible = 0;
		};
		ABD306961A9D06AC0001EF67 /* Build configuration list for PBXNativeTarget "Vaccine VaultTests" */ = {
			isa = XCConfigurationList;
			buildConfigurations = (
				ABD306971A9D06AC0001EF67 /* Debug */,
				ABD306981A9D06AC0001EF67 /* Release */,
			);
			defaultConfigurationIsVisible = 0;
		};
/* End XCConfigurationList section */
	};
	rootObject = ABD306651A9D06AC0001EF67 /* Project object */;
}
